
Microsoft Visual Studio Solution File, Format Version 12.00
# Visual Studio Version 16
VisualStudioVersion = 16.0.28621.142
MinimumVisualStudioVersion = 10.0.40219.1
Project("{FAE04EC0-301F-11D3-BF4B-00C04F79EFBC}") = "Test1", "Test1\Test1.csproj", "{ACB3BCB6-A490-4683-BB70-BF92578C217E}"
EndProject
Global
	GlobalSection(SolutionConfigurationPlatforms) = preSolution
		Debug|Any CPU = Debug|Any CPU
		Release|Any CPU = Release|Any CPU
	EndGlobalSection
	GlobalSection(ProjectConfigurationPlatforms) = postSolution
		{ACB3BCB6-A490-4683-BB70-BF92578C217E}.Debug|Any CPU.ActiveCfg = Debug|Any CPU
		{ACB3BCB6-A490-4683-BB70-BF92578C217E}.Debug|Any CPU.Build.0 = Debug|Any CPU
		{ACB3BCB6-A490-4683-BB70-BF92578C217E}.Release|Any CPU.ActiveCfg = Release|Any CPU
		{ACB3BCB6-A490-4683-BB70-BF92578C217E}.Release|Any CPU.Build.0 = Release|Any CPU
	EndGlobalSection
	GlobalSection(SolutionProperties) = preSolution
		HideSolutionNode = FALSE
	EndGlobalSection
	GlobalSection(ExtensibilityGlobals) = postSolution
		SolutionGuid = {DA5B2662-C7AA-4217-AF76-52A85382C6FE}
	EndGlobalSection
EndGlobal
